
Microsoft Visual Studio Solution File, Format Version 12.00
Project("{FAE04EC0-301F-11D3-BF4B-00C04F79EFBC}") = "Dookie.Core", "Dookie.Core\Dookie.Core.csproj", "{BF21C3D4-A975-44C1-94C0-0E1DBBF5756D}"
EndProject
Project("{FAE04EC0-301F-11D3-BF4B-00C04F79EFBC}") = "Dookie.DesktopGL", "Dookie.DesktopGL\Dookie.DesktopGL.csproj", "{DA24EDBD-FE0E-4489-84F9-8670D044D3B4}"
EndProject
Global
	GlobalSection(SolutionConfigurationPlatforms) = preSolution
		Debug|Any CPU = Debug|Any CPU
		Release|Any CPU = Release|Any CPU
	EndGlobalSection
	GlobalSection(ProjectConfigurationPlatforms) = postSolution
		{BF21C3D4-A975-44C1-94C0-0E1DBBF5756D}.Debug|Any CPU.ActiveCfg = Debug|Any CPU
		{BF21C3D4-A975-44C1-94C0-0E1DBBF5756D}.Debug|Any CPU.Build.0 = Debug|Any CPU
		{BF21C3D4-A975-44C1-94C0-0E1DBBF5756D}.Release|Any CPU.ActiveCfg = Release|Any CPU
		{BF21C3D4-A975-44C1-94C0-0E1DBBF5756D}.Release|Any CPU.Build.0 = Release|Any CPU
		{DA24EDBD-FE0E-4489-84F9-8670D044D3B4}.Debug|Any CPU.ActiveCfg = Debug|Any CPU
		{DA24EDBD-FE0E-4489-84F9-8670D044D3B4}.Debug|Any CPU.Build.0 = Debug|Any CPU
		{DA24EDBD-FE0E-4489-84F9-8670D044D3B4}.Release|Any CPU.ActiveCfg = Release|Any CPU
		{DA24EDBD-FE0E-4489-84F9-8670D044D3B4}.Release|Any CPU.Build.0 = Release|Any CPU
	EndGlobalSection
EndGlobal
